
Microsoft Visual Studio Solution File, Format Version 12.00
# Visual Studio Version 16
VisualStudioVersion = 25.0.1704.0
MinimumVisualStudioVersion = 10.0.40219.1
Project("{FAE04EC0-301F-11D3-BF4B-00C04F79EFBC}") = "hangman-game", "hangman-game\hangman-game.csproj", "{9B8C17A2-F22C-4EBB-ACD2-068A876E9889}"
EndProject
Global
	GlobalSection(SolutionConfigurationPlatforms) = preSolution
		Debug|Any CPU = Debug|Any CPU
		Release|Any CPU = Release|Any CPU
	EndGlobalSection
	GlobalSection(ProjectConfigurationPlatforms) = postSolution
		{9B8C17A2-F22C-4EBB-ACD2-068A876E9889}.Debug|Any CPU.ActiveCfg = Debug|Any CPU
		{9B8C17A2-F22C-4EBB-ACD2-068A876E9889}.Debug|Any CPU.Build.0 = Debug|Any CPU
		{9B8C17A2-F22C-4EBB-ACD2-068A876E9889}.Release|Any CPU.ActiveCfg = Release|Any CPU
		{9B8C17A2-F22C-4EBB-ACD2-068A876E9889}.Release|Any CPU.Build.0 = Release|Any CPU
	EndGlobalSection
	GlobalSection(SolutionProperties) = preSolution
		HideSolutionNode = FALSE
	EndGlobalSection
	GlobalSection(ExtensibilityGlobals) = postSolution
		SolutionGuid = {B1F36ACC-B659-4B99-AC6E-50EAAE805253}
	EndGlobalSection
EndGlobal
